
Microsoft Visual Studio Solution File, Format Version 12.00
# Visual Studio 2013
VisualStudioVersion = 12.0.21005.1
MinimumVisualStudioVersion = 10.0.40219.1
Project("{FAE04EC0-301F-11D3-BF4B-00C04F79EFBC}") = "WebApplication1", "WebApplication1\WebApplication1.csproj", "{B6D701C2-7AE7-4270-950B-1B4FA61E5475}"
EndProject
Project("{FAE04EC0-301F-11D3-BF4B-00C04F79EFBC}") = "WebApplication1.Tests", "WebApplication1.Tests\WebApplication1.Tests.csproj", "{46A09A7B-E427-489E-A969-60901FEAEB16}"
EndProject
Global
	GlobalSection(SolutionConfigurationPlatforms) = preSolution
		Debug|Any CPU = Debug|Any CPU
		Release|Any CPU = Release|Any CPU
	EndGlobalSection
	GlobalSection(ProjectConfigurationPlatforms) = postSolution
		{B6D701C2-7AE7-4270-950B-1B4FA61E5475}.Debug|Any CPU.ActiveCfg = Debug|Any CPU
		{B6D701C2-7AE7-4270-950B-1B4FA61E5475}.Debug|Any CPU.Build.0 = Debug|Any CPU
		{B6D701C2-7AE7-4270-950B-1B4FA61E5475}.Release|Any CPU.ActiveCfg = Release|Any CPU
		{B6D701C2-7AE7-4270-950B-1B4FA61E5475}.Release|Any CPU.Build.0 = Release|Any CPU
		{46A09A7B-E427-489E-A969-60901FEAEB16}.Debug|Any CPU.ActiveCfg = Debug|Any CPU
		{46A09A7B-E427-489E-A969-60901FEAEB16}.Debug|Any CPU.Build.0 = Debug|Any CPU
		{46A09A7B-E427-489E-A969-60901FEAEB16}.Release|Any CPU.ActiveCfg = Release|Any CPU
		{46A09A7B-E427-489E-A969-60901FEAEB16}.Release|Any CPU.Build.0 = Release|Any CPU
	EndGlobalSection
	GlobalSection(SolutionProperties) = preSolution
		HideSolutionNode = FALSE
	EndGlobalSection
EndGlobal
